// !$*UTF8*$!
{
	archiveVersion = 1;
	classes = {
	};
	objectVersion = 50;
	objects = {

/* Begin PBXBuildFile section */
		A85213C52119DD9B001C0B40 /* AppDelegate.swift in Sources */ = {isa = PBXBuildFile; fileRef = A85213C42119DD9B001C0B40 /* AppDelegate.swift */; };
		A85213C72119DD9B001C0B40 /* ViewController.swift in Sources */ = {isa = PBXBuildFile; fileRef = A85213C62119DD9B001C0B40 /* ViewController.swift */; };
		A85213C92119DD9E001C0B40 /* Assets.xcassets in Resources */ = {isa = PBXBuildFile; fileRef = A85213C82119DD9E001C0B40 /* Assets.xcassets */; };
		A85213CC2119DD9E001C0B40 /* Main.storyboard in Resources */ = {isa = PBXBuildFile; fileRef = A85213CA2119DD9E001C0B40 /* Main.storyboard */; };
		A85213D82119DD9E001C0B40 /* PassButlerTests.swift in Sources */ = {isa = PBXBuildFile; fileRef = A85213D72119DD9E001C0B40 /* PassButlerTests.swift */; };
		A85213E32119DD9E001C0B40 /* PassButlerUITests.swift in Sources */ = {isa = PBXBuildFile; fileRef = A85213E22119DD9E001C0B40 /* PassButlerUITests.swift */; };
/* End PBXBuildFile section */

/* Begin PBXContainerItemProxy section */
		A85213D42119DD9E001C0B40 /* PBXContainerItemProxy */ = {
			isa = PBXContainerItemProxy;
			containerPortal = A85213B92119DD9B001C0B40 /* Project object */;
			proxyType = 1;
			remoteGlobalIDString = A85213C02119DD9B001C0B40;
			remoteInfo = PassButler;
		};
		A85213DF2119DD9E001C0B40 /* PBXContainerItemProxy */ = {
			isa = PBXContainerItemProxy;
			containerPortal = A85213B92119DD9B001C0B40 /* Project object */;
			proxyType = 1;
			remoteGlobalIDString = A85213C02119DD9B001C0B40;
			remoteInfo = PassButler;
		};
/* End PBXContainerItemProxy section */

/* Begin PBXFileReference section */
		A85213C12119DD9B001C0B40 /* PassButler.app */ = {isa = PBXFileReference; explicitFileType = wrapper.application; includeInIndex = 0; path = PassButler.app; sourceTree = BUILT_PRODUCTS_DIR; };
		A85213C42119DD9B001C0B40 /* AppDelegate.swift */ = {isa = PBXFileReference; lastKnownFileType = sourcecode.swift; path = AppDelegate.swift; sourceTree = "<group>"; };
		A85213C62119DD9B001C0B40 /* ViewController.swift */ = {isa = PBXFileReference; lastKnownFileType = sourcecode.swift; path = ViewController.swift; sourceTree = "<group>"; };
		A85213C82119DD9E001C0B40 /* Assets.xcassets */ = {isa = PBXFileReference; lastKnownFileType = folder.assetcatalog; path = Assets.xcassets; sourceTree = "<group>"; };
		A85213CB2119DD9E001C0B40 /* Base */ = {isa = PBXFileReference; lastKnownFileType = file.storyboard; name = Base; path = Base.lproj/Main.storyboard; sourceTree = "<group>"; };
		A85213CD2119DD9E001C0B40 /* Info.plist */ = {isa = PBXFileReference; lastKnownFileType = text.plist.xml; path = Info.plist; sourceTree = "<group>"; };
		A85213CE2119DD9E001C0B40 /* PassButler.entitlements */ = {isa = PBXFileReference; lastKnownFileType = text.plist.entitlements; path = PassButler.entitlements; sourceTree = "<group>"; };
		A85213D32119DD9E001C0B40 /* PassButlerTests.xctest */ = {isa = PBXFileReference; explicitFileType = wrapper.cfbundle; includeInIndex = 0; path = PassButlerTests.xctest; sourceTree = BUILT_PRODUCTS_DIR; };
		A85213D72119DD9E001C0B40 /* PassButlerTests.swift */ = {isa = PBXFileReference; lastKnownFileType = sourcecode.swift; path = PassButlerTests.swift; sourceTree = "<group>"; };
		A85213D92119DD9E001C0B40 /* Info.plist */ = {isa = PBXFileReference; lastKnownFileType = text.plist.xml; path = Info.plist; sourceTree = "<group>"; };
		A85213DE2119DD9E001C0B40 /* PassButlerUITests.xctest */ = {isa = PBXFileReference; explicitFileType = wrapper.cfbundle; includeInIndex = 0; path = PassButlerUITests.xctest; sourceTree = BUILT_PRODUCTS_DIR; };
		A85213E22119DD9E001C0B40 /* PassButlerUITests.swift */ = {isa = PBXFileReference; lastKnownFileType = sourcecode.swift; path = PassButlerUITests.swift; sourceTree = "<group>"; };
		A85213E42119DD9E001C0B40 /* Info.plist */ = {isa = PBXFileReference; lastKnownFileType = text.plist.xml; path = Info.plist; sourceTree = "<group>"; };
/* End PBXFileReference section */

/* Begin PBXFrameworksBuildPhase section */
		A85213BE2119DD9B001C0B40 /* Frameworks */ = {
			isa = PBXFrameworksBuildPhase;
			buildActionMask = 2147483647;
			files = (
			);
			runOnlyForDeploymentPostprocessing = 0;
		};
		A85213D02119DD9E001C0B40 /* Frameworks */ = {
			isa = PBXFrameworksBuildPhase;
			buildActionMask = 2147483647;
			files = (
			);
			runOnlyForDeploymentPostprocessing = 0;
		};
		A85213DB2119DD9E001C0B40 /* Frameworks */ = {
			isa = PBXFrameworksBuildPhase;
			buildActionMask = 2147483647;
			files = (
			);
			runOnlyForDeploymentPostprocessing = 0;
		};
/* End PBXFrameworksBuildPhase section */

/* Begin PBXGroup section */
		A85213B82119DD9B001C0B40 = {
			isa = PBXGroup;
			children = (
				A85213C32119DD9B001C0B40 /* PassButler */,
				A85213D62119DD9E001C0B40 /* PassButlerTests */,
				A85213E12119DD9E001C0B40 /* PassButlerUITests */,
				A85213C22119DD9B001C0B40 /* Products */,
			);
			sourceTree = "<group>";
		};
		A85213C22119DD9B001C0B40 /* Products */ = {
			isa = PBXGroup;
			children = (
				A85213C12119DD9B001C0B40 /* PassButler.app */,
				A85213D32119DD9E001C0B40 /* PassButlerTests.xctest */,
				A85213DE2119DD9E001C0B40 /* PassButlerUITests.xctest */,
			);
			name = Products;
			sourceTree = "<group>";
		};
		A85213C32119DD9B001C0B40 /* PassButler */ = {
			isa = PBXGroup;
			children = (
				A85213C42119DD9B001C0B40 /* AppDelegate.swift */,
				A85213C62119DD9B001C0B40 /* ViewController.swift */,
				A85213C82119DD9E001C0B40 /* Assets.xcassets */,
				A85213CA2119DD9E001C0B40 /* Main.storyboard */,
				A85213CD2119DD9E001C0B40 /* Info.plist */,
				A85213CE2119DD9E001C0B40 /* PassButler.entitlements */,
			);
			path = PassButler;
			sourceTree = "<group>";
		};
		A85213D62119DD9E001C0B40 /* PassButlerTests */ = {
			isa = PBXGroup;
			children = (
				A85213D72119DD9E001C0B40 /* PassButlerTests.swift */,
				A85213D92119DD9E001C0B40 /* Info.plist */,
			);
			path = PassButlerTests;
			sourceTree = "<group>";
		};
		A85213E12119DD9E001C0B40 /* PassButlerUITests */ = {
			isa = PBXGroup;
			children = (
				A85213E22119DD9E001C0B40 /* PassButlerUITests.swift */,
				A85213E42119DD9E001C0B40 /* Info.plist */,
			);
			path = PassButlerUITests;
			sourceTree = "<group>";
		};
/* End PBXGroup section */

/* Begin PBXNativeTarget section */
		A85213C02119DD9B001C0B40 /* PassButler */ = {
			isa = PBXNativeTarget;
			buildConfigurationList = A85213E72119DD9E001C0B40 /* Build configuration list for PBXNativeTarget "PassButler" */;
			buildPhases = (
				A85213BD2119DD9B001C0B40 /* Sources */,
				A85213BE2119DD9B001C0B40 /* Frameworks */,
				A85213BF2119DD9B001C0B40 /* Resources */,
			);
			buildRules = (
			);
			dependencies = (
			);
			name = PassButler;
			productName = PassButler;
			productReference = A85213C12119DD9B001C0B40 /* PassButler.app */;
			productType = "com.apple.product-type.application";
		};
		A85213D22119DD9E001C0B40 /* PassButlerTests */ = {
			isa = PBXNativeTarget;
			buildConfigurationList = A85213EA2119DD9E001C0B40 /* Build configuration list for PBXNativeTarget "PassButlerTests" */;
			buildPhases = (
				A85213CF2119DD9E001C0B40 /* Sources */,
				A85213D02119DD9E001C0B40 /* Frameworks */,
				A85213D12119DD9E001C0B40 /* Resources */,
			);
			buildRules = (
			);
			dependencies = (
				A85213D52119DD9E001C0B40 /* PBXTargetDependency */,
			);
			name = PassButlerTests;
			productName = PassButlerTests;
			productReference = A85213D32119DD9E001C0B40 /* PassButlerTests.xctest */;
			productType = "com.apple.product-type.bundle.unit-test";
		};
		A85213DD2119DD9E001C0B40 /* PassButlerUITests */ = {
			isa = PBXNativeTarget;
			buildConfigurationList = A85213ED2119DD9E001C0B40 /* Build configuration list for PBXNativeTarget "PassButlerUITests" */;
			buildPhases = (
				A85213DA2119DD9E001C0B40 /* Sources */,
				A85213DB2119DD9E001C0B40 /* Frameworks */,
				A85213DC2119DD9E001C0B40 /* Resources */,
			);
			buildRules = (
			);
			dependencies = (
				A85213E02119DD9E001C0B40 /* PBXTargetDependency */,
			);
			name = PassButlerUITests;
			productName = PassButlerUITests;
			productReference = A85213DE2119DD9E001C0B40 /* PassButlerUITests.xctest */;
			productType = "com.apple.product-type.bundle.ui-testing";
		};
/* End PBXNativeTarget section */

/* Begin PBXProject section */
		A85213B92119DD9B001C0B40 /* Project object */ = {
			isa = PBXProject;
			attributes = {
				LastSwiftUpdateCheck = 0940;
				LastUpgradeCheck = 0940;
				ORGANIZATIONNAME = "Emanuele Guicciardi";
				TargetAttributes = {
					A85213C02119DD9B001C0B40 = {
						CreatedOnToolsVersion = 9.4.1;
					};
					A85213D22119DD9E001C0B40 = {
						CreatedOnToolsVersion = 9.4.1;
						TestTargetID = A85213C02119DD9B001C0B40;
					};
					A85213DD2119DD9E001C0B40 = {
						CreatedOnToolsVersion = 9.4.1;
						TestTargetID = A85213C02119DD9B001C0B40;
					};
				};
			};
			buildConfigurationList = A85213BC2119DD9B001C0B40 /* Build configuration list for PBXProject "PassButler" */;
			compatibilityVersion = "Xcode 9.3";
			developmentRegion = en;
			hasScannedForEncodings = 0;
			knownRegions = (
				en,
				Base,
			);
			mainGroup = A85213B82119DD9B001C0B40;
			productRefGroup = A85213C22119DD9B001C0B40 /* Products */;
			projectDirPath = "";
			projectRoot = "";
			targets = (
				A85213C02119DD9B001C0B40 /* PassButler */,
				A85213D22119DD9E001C0B40 /* PassButlerTests */,
				A85213DD2119DD9E001C0B40 /* PassButlerUITests */,
			);
		};
/* End PBXProject section */

/* Begin PBXResourcesBuildPhase section */
		A85213BF2119DD9B001C0B40 /* Resources */ = {
			isa = PBXResourcesBuildPhase;
			buildActionMask = 2147483647;
			files = (
				A85213C92119DD9E001C0B40 /* Assets.xcassets in Resources */,
				A85213CC2119DD9E001C0B40 /* Main.storyboard in Resources */,
			);
			runOnlyForDeploymentPostprocessing = 0;
		};
		A85213D12119DD9E001C0B40 /* Resources */ = {
			isa = PBXResourcesBuildPhase;
			buildActionMask = 2147483647;
			files = (
			);
			runOnlyForDeploymentPostprocessing = 0;
		};
		A85213DC2119DD9E001C0B40 /* Resources */ = {
			isa = PBXResourcesBuildPhase;
			buildActionMask = 2147483647;
			files = (
			);
			runOnlyForDeploymentPostprocessing = 0;
		};
/* End PBXResourcesBuildPhase section */

/* Begin PBXSourcesBuildPhase section */
		A85213BD2119DD9B001C0B40 /* Sources */ = {
			isa = PBXSourcesBuildPhase;
			buildActionMask = 2147483647;
			files = (
				A85213C72119DD9B001C0B40 /* ViewController.swift in Sources */,
				A85213C52119DD9B001C0B40 /* AppDelegate.swift in Sources */,
			);
			runOnlyForDeploymentPostprocessing = 0;
		};
		A85213CF2119DD9E001C0B40 /* Sources */ = {
			isa = PBXSourcesBuildPhase;
			buildActionMask = 2147483647;
			files = (
				A85213D82119DD9E001C0B40 /* PassButlerTests.swift in Sources */,
			);
			runOnlyForDeploymentPostprocessing = 0;
		};
		A85213DA2119DD9E001C0B40 /* Sources */ = {
			isa = PBXSourcesBuildPhase;
			buildActionMask = 2147483647;
			files = (
				A85213E32119DD9E001C0B40 /* PassButlerUITests.swift in Sources */,
			);
			runOnlyForDeploymentPostprocessing = 0;
		};
/* End PBXSourcesBuildPhase section */

/* Begin PBXTargetDependency section */
		A85213D52119DD9E001C0B40 /* PBXTargetDependency */ = {
			isa = PBXTargetDependency;
			target = A85213C02119DD9B001C0B40 /* PassButler */;
			targetProxy = A85213D42119DD9E001C0B40 /* PBXContainerItemProxy */;
		};
		A85213E02119DD9E001C0B40 /* PBXTargetDependency */ = {
			isa = PBXTargetDependency;
			target = A85213C02119DD9B001C0B40 /* PassButler */;
			targetProxy = A85213DF2119DD9E001C0B40 /* PBXContainerItemProxy */;
		};
/* End PBXTargetDependency section */

/* Begin PBXVariantGroup section */
		A85213CA2119DD9E001C0B40 /* Main.storyboard */ = {
			isa = PBXVariantGroup;
			children = (
				A85213CB2119DD9E001C0B40 /* Base */,
			);
			name = Main.storyboard;
			sourceTree = "<group>";
		};
/* End PBXVariantGroup section */

/* Begin XCBuildConfiguration section */
		A85213E52119DD9E001C0B40 /* Debug */ = {
			isa = XCBuildConfiguration;
			buildSettings = {
				ALWAYS_SEARCH_USER_PATHS = NO;
				CLANG_ANALYZER_NONNULL = YES;
				CLANG_ANALYZER_NUMBER_OBJECT_CONVERSION = YES_AGGRESSIVE;
				CLANG_CXX_LANGUAGE_STANDARD = "gnu++14";
				CLANG_CXX_LIBRARY = "libc++";
				CLANG_ENABLE_MODULES = YES;
				CLANG_ENABLE_OBJC_ARC = YES;
				CLANG_ENABLE_OBJC_WEAK = YES;
				CLANG_WARN_BLOCK_CAPTURE_AUTORELEASING = YES;
				CLANG_WARN_BOOL_CONVERSION = YES;
				CLANG_WARN_COMMA = YES;
				CLANG_WARN_CONSTANT_CONVERSION = YES;
				CLANG_WARN_DEPRECATED_OBJC_IMPLEMENTATIONS = YES;
				CLANG_WARN_DIRECT_OBJC_ISA_USAGE = YES_ERROR;
				CLANG_WARN_DOCUMENTATION_COMMENTS = YES;
				CLANG_WARN_EMPTY_BODY = YES;
				CLANG_WARN_ENUM_CONVERSION = YES;
				CLANG_WARN_INFINITE_RECURSION = YES;
				CLANG_WARN_INT_CONVERSION = YES;
				CLANG_WARN_NON_LITERAL_NULL_CONVERSION = YES;
				CLANG_WARN_OBJC_IMPLICIT_RETAIN_SELF = YES;
				CLANG_WARN_OBJC_LITERAL_CONVERSION = YES;
				CLANG_WARN_OBJC_ROOT_CLASS = YES_ERROR;
				CLANG_WARN_RANGE_LOOP_ANALYSIS = YES;
				CLANG_WARN_STRICT_PROTOTYPES = YES;
				CLANG_WARN_SUSPICIOUS_MOVE = YES;
				CLANG_WARN_UNGUARDED_AVAILABILITY = YES_AGGRESSIVE;
				CLANG_WARN_UNREACHABLE_CODE = YES;
				CLANG_WARN__DUPLICATE_METHOD_MATCH = YES;
				CODE_SIGN_IDENTITY = "-";
				COPY_PHASE_STRIP = NO;
				DEBUG_INFORMATION_FORMAT = dwarf;
				ENABLE_STRICT_OBJC_MSGSEND = YES;
				ENABLE_TESTABILITY = YES;
				GCC_C_LANGUAGE_STANDARD = gnu11;
				GCC_DYNAMIC_NO_PIC = NO;
				GCC_NO_COMMON_BLOCKS = YES;
				GCC_OPTIMIZATION_LEVEL = 0;
				GCC_PREPROCESSOR_DEFINITIONS = (
					"DEBUG=1",
					"$(inherited)",
				);
				GCC_WARN_64_TO_32_BIT_CONVERSION = YES;
				GCC_WARN_ABOUT_RETURN_TYPE = YES_ERROR;
				GCC_WARN_UNDECLARED_SELECTOR = YES;
				GCC_WARN_UNINITIALIZED_AUTOS = YES_AGGRESSIVE;
				GCC_WARN_UNUSED_FUNCTION = YES;
				GCC_WARN_UNUSED_VARIABLE = YES;
				MACOSX_DEPLOYMENT_TARGET = 10.13;
				MTL_ENABLE_DEBUG_INFO = YES;
				ONLY_ACTIVE_ARCH = YES;
				SDKROOT = macosx;
				SWIFT_ACTIVE_COMPILATION_CONDITIONS = DEBUG;
				SWIFT_OPTIMIZATION_LEVEL = "-Onone";
			};
			name = Debug;
		};
		A85213E62119DD9E001C0B40 /* Release */ = {
			isa = XCBuildConfiguration;
			buildSettings = {
				ALWAYS_SEARCH_USER_PATHS = NO;
				CLANG_ANALYZER_NONNULL = YES;
				CLANG_ANALYZER_NUMBER_OBJECT_CONVERSION = YES_AGGRESSIVE;
				CLANG_CXX_LANGUAGE_STANDARD = "gnu++14";
				CLANG_CXX_LIBRARY = "libc++";
				CLANG_ENABLE_MODULES = YES;
				CLANG_ENABLE_OBJC_ARC = YES;
				CLANG_ENABLE_OBJC_WEAK = YES;
				CLANG_WARN_BLOCK_CAPTURE_AUTORELEASING = YES;
				CLANG_WARN_BOOL_CONVERSION = YES;
				CLANG_WARN_COMMA = YES;
				CLANG_WARN_CONSTANT_CONVERSION = YES;
				CLANG_WARN_DEPRECATED_OBJC_IMPLEMENTATIONS = YES;
				CLANG_WARN_DIRECT_OBJC_ISA_USAGE = YES_ERROR;
				CLANG_WARN_DOCUMENTATION_COMMENTS = YES;
				CLANG_WARN_EMPTY_BODY = YES;
				CLANG_WARN_ENUM_CONVERSION = YES;
				CLANG_WARN_INFINITE_RECURSION = YES;
				CLANG_WARN_INT_CONVERSION = YES;
				CLANG_WARN_NON_LITERAL_NULL_CONVERSION = YES;
				CLANG_WARN_OBJC_IMPLICIT_RETAIN_SELF = YES;
				CLANG_WARN_OBJC_LITERAL_CONVERSION = YES;
				CLANG_WARN_OBJC_ROOT_CLASS = YES_ERROR;
				CLANG_WARN_RANGE_LOOP_ANALYSIS = YES;
				CLANG_WARN_STRICT_PROTOTYPES = YES;
				CLANG_WARN_SUSPICIOUS_MOVE = YES;
				CLANG_WARN_UNGUARDED_AVAILABILITY = YES_AGGRESSIVE;
				CLANG_WARN_UNREACHABLE_CODE = YES;
				CLANG_WARN__DUPLICATE_METHOD_MATCH = YES;
				CODE_SIGN_IDENTITY = "-";
				COPY_PHASE_STRIP = NO;
				DEBUG_INFORMATION_FORMAT = "dwarf-with-dsym";
				ENABLE_NS_ASSERTIONS = NO;
				ENABLE_STRICT_OBJC_MSGSEND = YES;
				GCC_C_LANGUAGE_STANDARD = gnu11;
				GCC_NO_COMMON_BLOCKS = YES;
				GCC_WARN_64_TO_32_BIT_CONVERSION = YES;
				GCC_WARN_ABOUT_RETURN_TYPE = YES_ERROR;
				GCC_WARN_UNDECLARED_SELECTOR = YES;
				GCC_WARN_UNINITIALIZED_AUTOS = YES_AGGRESSIVE;
				GCC_WARN_UNUSED_FUNCTION = YES;
				GCC_WARN_UNUSED_VARIABLE = YES;
				MACOSX_DEPLOYMENT_TARGET = 10.13;
				MTL_ENABLE_DEBUG_INFO = NO;
				SDKROOT = macosx;
				SWIFT_COMPILATION_MODE = wholemodule;
				SWIFT_OPTIMIZATION_LEVEL = "-O";
			};
			name = Release;
		};
		A85213E82119DD9E001C0B40 /* Debug */ = {
			isa = XCBuildConfiguration;
			buildSettings = {
				ASSETCATALOG_COMPILER_APPICON_NAME = AppIcon;
				CODE_SIGN_ENTITLEMENTS = PassButler/PassButler.entitlements;
				CODE_SIGN_STYLE = Automatic;
				COMBINE_HIDPI_IMAGES = YES;
				INFOPLIST_FILE = PassButler/Info.plist;
				LD_RUNPATH_SEARCH_PATHS = (
					"$(inherited)",
					"@executable_path/../Frameworks",
				);
				PRODUCT_BUNDLE_IDENTIFIER = eguicciardi.PassButler;
				PRODUCT_NAME = "$(TARGET_NAME)";
				SWIFT_VERSION = 4.0;
			};
			name = Debug;
		};
		A85213E92119DD9E001C0B40 /* Release */ = {
			isa = XCBuildConfiguration;
			buildSettings = {
				ASSETCATALOG_COMPILER_APPICON_NAME = AppIcon;
				CODE_SIGN_ENTITLEMENTS = PassButler/PassButler.entitlements;
				CODE_SIGN_STYLE = Automatic;
				COMBINE_HIDPI_IMAGES = YES;
				INFOPLIST_FILE = PassButler/Info.plist;
				LD_RUNPATH_SEARCH_PATHS = (
					"$(inherited)",
					"@executable_path/../Frameworks",
				);
				PRODUCT_BUNDLE_IDENTIFIER = eguicciardi.PassButler;
				PRODUCT_NAME = "$(TARGET_NAME)";
				SWIFT_VERSION = 4.0;
			};
			name = Release;
		};
		A85213EB2119DD9E001C0B40 /* Debug */ = {
			isa = XCBuildConfiguration;
			buildSettings = {
				ALWAYS_EMBED_SWIFT_STANDARD_LIBRARIES = YES;
				BUNDLE_LOADER = "$(TEST_HOST)";
				CODE_SIGN_STYLE = Automatic;
				COMBINE_HIDPI_IMAGES = YES;
				INFOPLIST_FILE = PassButlerTests/Info.plist;
				LD_RUNPATH_SEARCH_PATHS = (
					"$(inherited)",
					"@executable_path/../Frameworks",
					"@loader_path/../Frameworks",
				);
				PRODUCT_BUNDLE_IDENTIFIER = eguicciardi.PassButlerTests;
				PRODUCT_NAME = "$(TARGET_NAME)";
				SWIFT_VERSION = 4.0;
				TEST_HOST = "$(BUILT_PRODUCTS_DIR)/PassButler.app/Contents/MacOS/PassButler";
			};
			name = Debug;
		};
		A85213EC2119DD9E001C0B40 /* Release */ = {
			isa = XCBuildConfiguration;
			buildSettings = {
				ALWAYS_EMBED_SWIFT_STANDARD_LIBRARIES = YES;
				BUNDLE_LOADER = "$(TEST_HOST)";
				CODE_SIGN_STYLE = Automatic;
				COMBINE_HIDPI_IMAGES = YES;
				INFOPLIST_FILE = PassButlerTests/Info.plist;
				LD_RUNPATH_SEARCH_PATHS = (
					"$(inherited)",
					"@executable_path/../Frameworks",
					"@loader_path/../Frameworks",
				);
				PRODUCT_BUNDLE_IDENTIFIER = eguicciardi.PassButlerTests;
				PRODUCT_NAME = "$(TARGET_NAME)";
				SWIFT_VERSION = 4.0;
				TEST_HOST = "$(BUILT_PRODUCTS_DIR)/PassButler.app/Contents/MacOS/PassButler";
			};
			name = Release;
		};
		A85213EE2119DD9E001C0B40 /* Debug */ = {
			isa = XCBuildConfiguration;
			buildSettings = {
				ALWAYS_EMBED_SWIFT_STANDARD_LIBRARIES = YES;
				CODE_SIGN_STYLE = Automatic;
				COMBINE_HIDPI_IMAGES = YES;
				INFOPLIST_FILE = PassButlerUITests/Info.plist;
				LD_RUNPATH_SEARCH_PATHS = (
					"$(inherited)",
					"@executable_path/../Frameworks",
					"@loader_path/../Frameworks",
				);
				PRODUCT_BUNDLE_IDENTIFIER = eguicciardi.PassButlerUITests;
				PRODUCT_NAME = "$(TARGET_NAME)";
				SWIFT_VERSION = 4.0;
				TEST_TARGET_NAME = PassButler;
			};
			name = Debug;
		};
		A85213EF2119DD9E001C0B40 /* Release */ = {
			isa = XCBuildConfiguration;
			buildSettings = {
				ALWAYS_EMBED_SWIFT_STANDARD_LIBRARIES = YES;
				CODE_SIGN_STYLE = Automatic;
				COMBINE_HIDPI_IMAGES = YES;
				INFOPLIST_FILE = PassButlerUITests/Info.plist;
				LD_RUNPATH_SEARCH_PATHS = (
					"$(inherited)",
					"@executable_path/../Frameworks",
					"@loader_path/../Frameworks",
				);
				PRODUCT_BUNDLE_IDENTIFIER = eguicciardi.PassButlerUITests;
				PRODUCT_NAME = "$(TARGET_NAME)";
				SWIFT_VERSION = 4.0;
				TEST_TARGET_NAME = PassButler;
			};
			name = Release;
		};
/* End XCBuildConfiguration section */

/* Begin XCConfigurationList section */
		A85213BC2119DD9B001C0B40 /* Build configuration list for PBXProject "PassButler" */ = {
			isa = XCConfigurationList;
			buildConfigurations = (
				A85213E52119DD9E001C0B40 /* Debug */,
				A85213E62119DD9E001C0B40 /* Release */,
			);
			defaultConfigurationIsVisible = 0;
			defaultConfigurationName = Release;
		};
		A85213E72119DD9E001C0B40 /* Build configuration list for PBXNativeTarget "PassButler" */ = {
			isa = XCConfigurationList;
			buildConfigurations = (
				A85213E82119DD9E001C0B40 /* Debug */,
				A85213E92119DD9E001C0B40 /* Release */,
			);
			defaultConfigurationIsVisible = 0;
			defaultConfigurationName = Release;
		};
		A85213EA2119DD9E001C0B40 /* Build configuration list for PBXNativeTarget "PassButlerTests" */ = {
			isa = XCConfigurationList;
			buildConfigurations = (
				A85213EB2119DD9E001C0B40 /* Debug */,
				A85213EC2119DD9E001C0B40 /* Release */,
			);
			defaultConfigurationIsVisible = 0;
			defaultConfigurationName = Release;
		};
		A85213ED2119DD9E001C0B40 /* Build configuration list for PBXNativeTarget "PassButlerUITests" */ = {
			isa = XCConfigurationList;
			buildConfigurations = (
				A85213EE2119DD9E001C0B40 /* Debug */,
				A85213EF2119DD9E001C0B40 /* Release */,
			);
			defaultConfigurationIsVisible = 0;
			defaultConfigurationName = Release;
		};
/* End XCConfigurationList section */
	};
	rootObject = A85213B92119DD9B001C0B40 /* Project object */;
}
